
Microsoft Visual Studio Solution File, Format Version 12.00
# Visual Studio Version 16
VisualStudioVersion = 16.0.29613.14
MinimumVisualStudioVersion = 10.0.40219.1
Project("{9A19103F-16F7-4668-BE54-9A1E7A4F7556}") = "Vendr.RemadeByClive", "src\Vendr.RemadeByClive\Vendr.RemadeByClive.csproj", "{4C77318E-BB26-4546-AEF1-3BC2EED131F8}"
EndProject
Project("{9A19103F-16F7-4668-BE54-9A1E7A4F7556}") = "Vendr.RemadeByClive.Web", "src\Vendr.RemadeByClive.Web\Vendr.RemadeByClive.Web.csproj", "{8CFF8F8A-437F-4D2A-A2C9-008F738B4DD5}"
EndProject
Global
	GlobalSection(SolutionConfigurationPlatforms) = preSolution
		Debug|Any CPU = Debug|Any CPU
		Release|Any CPU = Release|Any CPU
	EndGlobalSection
	GlobalSection(ProjectConfigurationPlatforms) = postSolution
		{4C77318E-BB26-4546-AEF1-3BC2EED131F8}.Debug|Any CPU.ActiveCfg = Debug|Any CPU
		{4C77318E-BB26-4546-AEF1-3BC2EED131F8}.Debug|Any CPU.Build.0 = Debug|Any CPU
		{4C77318E-BB26-4546-AEF1-3BC2EED131F8}.Release|Any CPU.ActiveCfg = Release|Any CPU
		{4C77318E-BB26-4546-AEF1-3BC2EED131F8}.Release|Any CPU.Build.0 = Release|Any CPU
		{8CFF8F8A-437F-4D2A-A2C9-008F738B4DD5}.Debug|Any CPU.ActiveCfg = Debug|Any CPU
		{8CFF8F8A-437F-4D2A-A2C9-008F738B4DD5}.Debug|Any CPU.Build.0 = Debug|Any CPU
		{8CFF8F8A-437F-4D2A-A2C9-008F738B4DD5}.Release|Any CPU.ActiveCfg = Release|Any CPU
		{8CFF8F8A-437F-4D2A-A2C9-008F738B4DD5}.Release|Any CPU.Build.0 = Release|Any CPU
	EndGlobalSection
	GlobalSection(SolutionProperties) = preSolution
		HideSolutionNode = FALSE
	EndGlobalSection
	GlobalSection(ExtensibilityGlobals) = postSolution
		SolutionGuid = {9734607E-C145-4D98-AB2C-5FA691C01AC2}
	EndGlobalSection
EndGlobal
